
Microsoft Visual Studio Solution File, Format Version 12.00
# Visual Studio 15
VisualStudioVersion = 15.0.28307.1831
MinimumVisualStudioVersion = 10.0.40219.1
Project("{FAE04EC0-301F-11D3-BF4B-00C04F79EFBC}") = "ResearchGate", "ResearchGate\ResearchGate.csproj", "{6A7F89F7-B627-4834-BC71-21377C226EDC}"
EndProject
Global
	GlobalSection(SolutionConfigurationPlatforms) = preSolution
		Debug|Any CPU = Debug|Any CPU
		Release|Any CPU = Release|Any CPU
	EndGlobalSection
	GlobalSection(ProjectConfigurationPlatforms) = postSolution
		{6A7F89F7-B627-4834-BC71-21377C226EDC}.Debug|Any CPU.ActiveCfg = Debug|Any CPU
		{6A7F89F7-B627-4834-BC71-21377C226EDC}.Debug|Any CPU.Build.0 = Debug|Any CPU
		{6A7F89F7-B627-4834-BC71-21377C226EDC}.Release|Any CPU.ActiveCfg = Release|Any CPU
		{6A7F89F7-B627-4834-BC71-21377C226EDC}.Release|Any CPU.Build.0 = Release|Any CPU
	EndGlobalSection
	GlobalSection(SolutionProperties) = preSolution
		HideSolutionNode = FALSE
	EndGlobalSection
	GlobalSection(ExtensibilityGlobals) = postSolution
		SolutionGuid = {047E0E15-2915-4DCA-852D-094701CF6395}
	EndGlobalSection
EndGlobal
